
Microsoft Visual Studio Solution File, Format Version 12.00
# Visual Studio 2012
Project("{FAE04EC0-301F-11D3-BF4B-00C04F79EFBC}") = "Wing.WeiXin.MP.SDK", "Wing.WeiXin.MP.SDK\Wing.WeiXin.MP.SDK.csproj", "{CD0E74C3-5927-4715-943B-71D044352947}"
EndProject
Project("{2150E333-8FDC-42A3-9474-1A3956D46DE8}") = ".nuget", ".nuget", "{40EB672C-8F40-4A81-8616-50CF1CE062AB}"
	ProjectSection(SolutionItems) = preProject
		.nuget\NuGet.Config = .nuget\NuGet.Config
		.nuget\NuGet.exe = .nuget\NuGet.exe
		.nuget\NuGet.targets = .nuget\NuGet.targets
	EndProjectSection
EndProject
Project("{FAE04EC0-301F-11D3-BF4B-00C04F79EFBC}") = "Wing.WeiXin.MP.Test", "Wing.WeiXin.MP.Test\Wing.WeiXin.MP.Test.csproj", "{4425B726-A940-49E3-BB88-C97DF0397640}"
EndProject
Global
	GlobalSection(SolutionConfigurationPlatforms) = preSolution
		Debug|Any CPU = Debug|Any CPU
		Release|Any CPU = Release|Any CPU
	EndGlobalSection
	GlobalSection(ProjectConfigurationPlatforms) = postSolution
		{CD0E74C3-5927-4715-943B-71D044352947}.Debug|Any CPU.ActiveCfg = Debug|Any CPU
		{CD0E74C3-5927-4715-943B-71D044352947}.Debug|Any CPU.Build.0 = Debug|Any CPU
		{CD0E74C3-5927-4715-943B-71D044352947}.Release|Any CPU.ActiveCfg = Release|Any CPU
		{CD0E74C3-5927-4715-943B-71D044352947}.Release|Any CPU.Build.0 = Release|Any CPU
		{4425B726-A940-49E3-BB88-C97DF0397640}.Debug|Any CPU.ActiveCfg = Debug|Any CPU
		{4425B726-A940-49E3-BB88-C97DF0397640}.Debug|Any CPU.Build.0 = Debug|Any CPU
		{4425B726-A940-49E3-BB88-C97DF0397640}.Release|Any CPU.ActiveCfg = Release|Any CPU
		{4425B726-A940-49E3-BB88-C97DF0397640}.Release|Any CPU.Build.0 = Release|Any CPU
	EndGlobalSection
	GlobalSection(SolutionProperties) = preSolution
		HideSolutionNode = FALSE
	EndGlobalSection
EndGlobal
